{
  "nodes": {
    "auto-cpufreq": {
      "inputs": {
        "nixpkgs": [
          "nixpkgs"
        ]
      },
      "locked": {
        "lastModified": 1737497253,
        "narHash": "sha256-sOLwi/3oQiNWA2I3WiGneK988YdKVHbH1P5lEjxypIg=",
        "owner": "AdnanHodzic",
        "repo": "auto-cpufreq",
        "rev": "4cee388c1bbea3adc333b597717d5d8d12375705",
        "type": "github"
      },
      "original": {
        "owner": "AdnanHodzic",
        "repo": "auto-cpufreq",
        "type": "github"
      }
    },
    "nixpkgs": {
      "locked": {
        "lastModified": 1738021509,
        "narHash": "sha256-JNUiceGsr7cVBUQxLBF1ILCe99E0qLxsVuet6GsZUuw=",
        "owner": "nixos",
        "repo": "nixpkgs",
        "rev": "9db269672dbdbb519e0bd3ea24f01506c135e46f",
        "type": "github"
      },
      "original": {
        "owner": "nixos",
        "ref": "nixos-unstable",
        "repo": "nixpkgs",
        "type": "github"
      }
    },
    "root": {
      "inputs": {
        "auto-cpufreq": "auto-cpufreq",
        "nixpkgs": "nixpkgs"
      }
    }
  },
  "root": "root",
  "version": 7
}
